
Microsoft Visual Studio Solution File, Format Version 12.00
# Visual Studio 2013
VisualStudioVersion = 12.0.30501.0
MinimumVisualStudioVersion = 10.0.40219.1
Project("{FAE04EC0-301F-11D3-BF4B-00C04F79EFBC}") = "Quiz5Apps", "Quiz5Apps\Quiz5Apps.csproj", "{08748542-8ECB-48EC-9C4B-9D35401AF37F}"
EndProject
Project("{FAE04EC0-301F-11D3-BF4B-00C04F79EFBC}") = "ConsoleApplication2", "ConsoleApplication2\ConsoleApplication2.csproj", "{031F2383-B7AD-4CEA-8C3F-E853B38A97DB}"
EndProject
Project("{FAE04EC0-301F-11D3-BF4B-00C04F79EFBC}") = "ConsoleApplication3", "ConsoleApplication3\ConsoleApplication3.csproj", "{5832B461-8980-45AD-84E5-0C91E8D666B3}"
EndProject
Global
	GlobalSection(SolutionConfigurationPlatforms) = preSolution
		Debug|Any CPU = Debug|Any CPU
		Release|Any CPU = Release|Any CPU
	EndGlobalSection
	GlobalSection(ProjectConfigurationPlatforms) = postSolution
		{08748542-8ECB-48EC-9C4B-9D35401AF37F}.Debug|Any CPU.ActiveCfg = Debug|Any CPU
		{08748542-8ECB-48EC-9C4B-9D35401AF37F}.Debug|Any CPU.Build.0 = Debug|Any CPU
		{08748542-8ECB-48EC-9C4B-9D35401AF37F}.Release|Any CPU.ActiveCfg = Release|Any CPU
		{08748542-8ECB-48EC-9C4B-9D35401AF37F}.Release|Any CPU.Build.0 = Release|Any CPU
		{031F2383-B7AD-4CEA-8C3F-E853B38A97DB}.Debug|Any CPU.ActiveCfg = Debug|Any CPU
		{031F2383-B7AD-4CEA-8C3F-E853B38A97DB}.Debug|Any CPU.Build.0 = Debug|Any CPU
		{031F2383-B7AD-4CEA-8C3F-E853B38A97DB}.Release|Any CPU.ActiveCfg = Release|Any CPU
		{031F2383-B7AD-4CEA-8C3F-E853B38A97DB}.Release|Any CPU.Build.0 = Release|Any CPU
		{5832B461-8980-45AD-84E5-0C91E8D666B3}.Debug|Any CPU.ActiveCfg = Debug|Any CPU
		{5832B461-8980-45AD-84E5-0C91E8D666B3}.Debug|Any CPU.Build.0 = Debug|Any CPU
		{5832B461-8980-45AD-84E5-0C91E8D666B3}.Release|Any CPU.ActiveCfg = Release|Any CPU
		{5832B461-8980-45AD-84E5-0C91E8D666B3}.Release|Any CPU.Build.0 = Release|Any CPU
	EndGlobalSection
	GlobalSection(SolutionProperties) = preSolution
		HideSolutionNode = FALSE
	EndGlobalSection
EndGlobal
